
Microsoft Visual Studio Solution File, Format Version 12.00
# Visual Studio Version 16
VisualStudioVersion = 16.0.29613.14
MinimumVisualStudioVersion = 10.0.40219.1
Project("{FAE04EC0-301F-11D3-BF4B-00C04F79EFBC}") = "Aplicação_IES", "Aplicação_IES.csproj", "{8E59BF9F-6892-48DF-A72C-C04F8BFFDB53}"
EndProject
Global
	GlobalSection(SolutionConfigurationPlatforms) = preSolution
		Debug|Any CPU = Debug|Any CPU
		Release|Any CPU = Release|Any CPU
	EndGlobalSection
	GlobalSection(ProjectConfigurationPlatforms) = postSolution
		{8E59BF9F-6892-48DF-A72C-C04F8BFFDB53}.Debug|Any CPU.ActiveCfg = Debug|Any CPU
		{8E59BF9F-6892-48DF-A72C-C04F8BFFDB53}.Debug|Any CPU.Build.0 = Debug|Any CPU
		{8E59BF9F-6892-48DF-A72C-C04F8BFFDB53}.Release|Any CPU.ActiveCfg = Release|Any CPU
		{8E59BF9F-6892-48DF-A72C-C04F8BFFDB53}.Release|Any CPU.Build.0 = Release|Any CPU
	EndGlobalSection
	GlobalSection(SolutionProperties) = preSolution
		HideSolutionNode = FALSE
	EndGlobalSection
	GlobalSection(ExtensibilityGlobals) = postSolution
		SolutionGuid = {C3D61A74-1155-4632-9D76-D25920DFD520}
	EndGlobalSection
EndGlobal
